Microsoft Visual Studio Solution File, Format Version 12.00
# Visual Studio Version 17
VisualStudioVersion = 17.5.2.0
MinimumVisualStudioVersion = 10.0.40219.1
Project("{FAE04EC0-301F-11D3-BF4B-00C04F79EFBC}") = "googleCal", "googleCal.csproj", "{17176B45-5802-0D0F-5786-7DA16F6B0EDD}"
EndProject
Global
	GlobalSection(SolutionConfigurationPlatforms) = preSolution
		Debug|Any CPU = Debug|Any CPU
		Release|Any CPU = Release|Any CPU
	EndGlobalSection
	GlobalSection(ProjectConfigurationPlatforms) = postSolution
		{17176B45-5802-0D0F-5786-7DA16F6B0EDD}.Debug|Any CPU.ActiveCfg = Debug|Any CPU
		{17176B45-5802-0D0F-5786-7DA16F6B0EDD}.Debug|Any CPU.Build.0 = Debug|Any CPU
		{17176B45-5802-0D0F-5786-7DA16F6B0EDD}.Release|Any CPU.ActiveCfg = Release|Any CPU
		{17176B45-5802-0D0F-5786-7DA16F6B0EDD}.Release|Any CPU.Build.0 = Release|Any CPU
	EndGlobalSection
	GlobalSection(SolutionProperties) = preSolution
		HideSolutionNode = FALSE
	EndGlobalSection
	GlobalSection(ExtensibilityGlobals) = postSolution
		SolutionGuid = {621A15BB-B06D-4B87-A0B8-D4C172088CDE}
	EndGlobalSection
EndGlobal
