
Microsoft Visual Studio Solution File, Format Version 12.00
# Visual Studio Version 17
VisualStudioVersion = 17.0.31903.59
MinimumVisualStudioVersion = 10.0.40219.1
Project("{FAE04EC0-301F-11D3-BF4B-00C04F79EFBC}") = "outlookAgent", "outlookAgent\outlookAgent.csproj", "{7589B9CE-76A9-46BE-874E-BF7B0B4F812D}"
EndProject
Project("{FAE04EC0-301F-11D3-BF4B-00C04F79EFBC}") = "owaAgent", "owaAgent\owaAgent.csproj", "{72073F55-657D-44DF-AA13-CE08269050D4}"
EndProject
Project("{FAE04EC0-301F-11D3-BF4B-00C04F79EFBC}") = "gmailAgent", "gmailAgent\gmailAgent.csproj", "{75CEBE77-9578-4EFF-A4D9-E38C196F393C}"
EndProject
Project("{FAE04EC0-301F-11D3-BF4B-00C04F79EFBC}") = "emailServices", "emailServices\emailServices.csproj", "{60914aae-f1bf-4880-b2a1-252ab076af72}"
EndProject
Project("{FAE04EC0-301F-11D3-BF4B-00C04F79EFBC}") = "testEmailServices", "testEmailServices\testEmailServices.csproj", "{afbb2caa-52dd-443c-86e4-ecca1b38cef0}"
EndProject
Global
	GlobalSection(SolutionConfigurationPlatforms) = preSolution
		Debug|Any CPU = Debug|Any CPU
		Debug|x64 = Debug|x64
		Debug|x86 = Debug|x86
		Release|Any CPU = Release|Any CPU
		Release|x64 = Release|x64
		Release|x86 = Release|x86
	EndGlobalSection
	GlobalSection(ProjectConfigurationPlatforms) = postSolution
		{7589B9CE-76A9-46BE-874E-BF7B0B4F812D}.Debug|Any CPU.ActiveCfg = Debug|Any CPU
		{7589B9CE-76A9-46BE-874E-BF7B0B4F812D}.Debug|Any CPU.Build.0 = Debug|Any CPU
		{7589B9CE-76A9-46BE-874E-BF7B0B4F812D}.Debug|x64.ActiveCfg = Debug|Any CPU
		{7589B9CE-76A9-46BE-874E-BF7B0B4F812D}.Debug|x64.Build.0 = Debug|Any CPU
		{7589B9CE-76A9-46BE-874E-BF7B0B4F812D}.Debug|x86.ActiveCfg = Debug|Any CPU
		{7589B9CE-76A9-46BE-874E-BF7B0B4F812D}.Debug|x86.Build.0 = Debug|Any CPU
		{7589B9CE-76A9-46BE-874E-BF7B0B4F812D}.Release|Any CPU.ActiveCfg = Release|Any CPU
		{7589B9CE-76A9-46BE-874E-BF7B0B4F812D}.Release|Any CPU.Build.0 = Release|Any CPU
		{7589B9CE-76A9-46BE-874E-BF7B0B4F812D}.Release|x64.ActiveCfg = Release|Any CPU
		{7589B9CE-76A9-46BE-874E-BF7B0B4F812D}.Release|x64.Build.0 = Release|Any CPU
		{7589B9CE-76A9-46BE-874E-BF7B0B4F812D}.Release|x86.ActiveCfg = Release|Any CPU
		{7589B9CE-76A9-46BE-874E-BF7B0B4F812D}.Release|x86.Build.0 = Release|Any CPU
		{72073F55-657D-44DF-AA13-CE08269050D4}.Debug|Any CPU.ActiveCfg = Debug|Any CPU
		{72073F55-657D-44DF-AA13-CE08269050D4}.Debug|Any CPU.Build.0 = Debug|Any CPU
		{72073F55-657D-44DF-AA13-CE08269050D4}.Debug|x64.ActiveCfg = Debug|Any CPU
		{72073F55-657D-44DF-AA13-CE08269050D4}.Debug|x64.Build.0 = Debug|Any CPU
		{72073F55-657D-44DF-AA13-CE08269050D4}.Debug|x86.ActiveCfg = Debug|Any CPU
		{72073F55-657D-44DF-AA13-CE08269050D4}.Debug|x86.Build.0 = Debug|Any CPU
		{72073F55-657D-44DF-AA13-CE08269050D4}.Release|Any CPU.ActiveCfg = Release|Any CPU
		{72073F55-657D-44DF-AA13-CE08269050D4}.Release|Any CPU.Build.0 = Release|Any CPU
		{72073F55-657D-44DF-AA13-CE08269050D4}.Release|x64.ActiveCfg = Release|Any CPU
		{72073F55-657D-44DF-AA13-CE08269050D4}.Release|x64.Build.0 = Release|Any CPU
		{72073F55-657D-44DF-AA13-CE08269050D4}.Release|x86.ActiveCfg = Release|Any CPU
		{72073F55-657D-44DF-AA13-CE08269050D4}.Release|x86.Build.0 = Release|Any CPU
		{75CEBE77-9578-4EFF-A4D9-E38C196F393C}.Debug|Any CPU.ActiveCfg = Debug|Any CPU
		{75CEBE77-9578-4EFF-A4D9-E38C196F393C}.Debug|Any CPU.Build.0 = Debug|Any CPU
		{75CEBE77-9578-4EFF-A4D9-E38C196F393C}.Debug|x64.ActiveCfg = Debug|Any CPU
		{75CEBE77-9578-4EFF-A4D9-E38C196F393C}.Debug|x64.Build.0 = Debug|Any CPU
		{75CEBE77-9578-4EFF-A4D9-E38C196F393C}.Debug|x86.ActiveCfg = Debug|Any CPU
		{75CEBE77-9578-4EFF-A4D9-E38C196F393C}.Debug|x86.Build.0 = Debug|Any CPU
		{75CEBE77-9578-4EFF-A4D9-E38C196F393C}.Release|Any CPU.ActiveCfg = Release|Any CPU
		{75CEBE77-9578-4EFF-A4D9-E38C196F393C}.Release|Any CPU.Build.0 = Release|Any CPU
		{75CEBE77-9578-4EFF-A4D9-E38C196F393C}.Release|x64.ActiveCfg = Release|Any CPU
		{75CEBE77-9578-4EFF-A4D9-E38C196F393C}.Release|x64.Build.0 = Release|Any CPU
		{75CEBE77-9578-4EFF-A4D9-E38C196F393C}.Release|x86.ActiveCfg = Release|Any CPU
		{75CEBE77-9578-4EFF-A4D9-E38C196F393C}.Release|x86.Build.0 = Release|Any CPU
	EndGlobalSection
	GlobalSection(SolutionProperties) = preSolution
		HideSolutionNode = FALSE
	EndGlobalSection
EndGlobal
